
Microsoft Visual Studio Solution File, Format Version 12.00
# Visual Studio 15
VisualStudioVersion = 15.0.28307.1209
MinimumVisualStudioVersion = 10.0.40219.1
Project("{FAE04EC0-301F-11D3-BF4B-00C04F79EFBC}") = "IG.Sample.Presentation.Console", "ConsoleApp1\IG.Sample.Presentation.Console.csproj", "{07910310-576E-4661-ADAF-B9AFECA49A58}"
EndProject
Project("{9A19103F-16F7-4668-BE54-9A1E7A4F7556}") = "IG.Sample.ChainOfResponsibility", "IG.Sample.ChainOfResponsibility\IG.Sample.ChainOfResponsibility.csproj", "{5235A325-1B15-49AF-A6FE-02AE5C153CB2}"
EndProject
Project("{9A19103F-16F7-4668-BE54-9A1E7A4F7556}") = "IG.Sample.Model", "IG.Sample.Model\IG.Sample.Model.csproj", "{7B1CA2DF-8F80-4470-9608-1BFCC4298B2F}"
EndProject
Global
	GlobalSection(SolutionConfigurationPlatforms) = preSolution
		Debug|Any CPU = Debug|Any CPU
		Release|Any CPU = Release|Any CPU
	EndGlobalSection
	GlobalSection(ProjectConfigurationPlatforms) = postSolution
		{07910310-576E-4661-ADAF-B9AFECA49A58}.Debug|Any CPU.ActiveCfg = Debug|Any CPU
		{07910310-576E-4661-ADAF-B9AFECA49A58}.Debug|Any CPU.Build.0 = Debug|Any CPU
		{07910310-576E-4661-ADAF-B9AFECA49A58}.Release|Any CPU.ActiveCfg = Release|Any CPU
		{07910310-576E-4661-ADAF-B9AFECA49A58}.Release|Any CPU.Build.0 = Release|Any CPU
		{5235A325-1B15-49AF-A6FE-02AE5C153CB2}.Debug|Any CPU.ActiveCfg = Debug|Any CPU
		{5235A325-1B15-49AF-A6FE-02AE5C153CB2}.Debug|Any CPU.Build.0 = Debug|Any CPU
		{5235A325-1B15-49AF-A6FE-02AE5C153CB2}.Release|Any CPU.ActiveCfg = Release|Any CPU
		{5235A325-1B15-49AF-A6FE-02AE5C153CB2}.Release|Any CPU.Build.0 = Release|Any CPU
		{7B1CA2DF-8F80-4470-9608-1BFCC4298B2F}.Debug|Any CPU.ActiveCfg = Debug|Any CPU
		{7B1CA2DF-8F80-4470-9608-1BFCC4298B2F}.Debug|Any CPU.Build.0 = Debug|Any CPU
		{7B1CA2DF-8F80-4470-9608-1BFCC4298B2F}.Release|Any CPU.ActiveCfg = Release|Any CPU
		{7B1CA2DF-8F80-4470-9608-1BFCC4298B2F}.Release|Any CPU.Build.0 = Release|Any CPU
	EndGlobalSection
	GlobalSection(SolutionProperties) = preSolution
		HideSolutionNode = FALSE
	EndGlobalSection
	GlobalSection(ExtensibilityGlobals) = postSolution
		SolutionGuid = {2FD82AFE-5577-4EE3-BA44-8832B1218247}
	EndGlobalSection
EndGlobal
